
Microsoft Visual Studio Solution File, Format Version 12.00
# Visual Studio Version 17
VisualStudioVersion = 17.11.35327.3
MinimumVisualStudioVersion = 10.0.40219.1
Project("{FAE04EC0-301F-11D3-BF4B-00C04F79EFBC}") = "ProductApi.Application", "ProductApi.Application\ProductApi.Application.csproj", "{4E8C3D27-7D58-427C-B30D-CE5A436C8B5A}"
EndProject
Project("{FAE04EC0-301F-11D3-BF4B-00C04F79EFBC}") = "ProductApi.Domain", "ProductApi.Domain\ProductApi.Domain.csproj", "{66190693-063F-4DF1-A4D5-B175C90C9933}"
EndProject
Project("{FAE04EC0-301F-11D3-BF4B-00C04F79EFBC}") = "ProductApi.Infrastructure", "ProductApi.Infrastructure\ProductApi.Infrastructure.csproj", "{A600EB29-E3F4-4C72-B331-279D51CA48B6}"
EndProject
Project("{FAE04EC0-301F-11D3-BF4B-00C04F79EFBC}") = "ProductApi.Presentation", "ProductApi.Presentation\ProductApi.Presentation.csproj", "{C59F8A83-C4AB-41A8-9A26-8428FE819568}"
EndProject
Project("{9A19103F-16F7-4668-BE54-9A1E7A4F7556}") = "eCommerce.SharedLibrary", "..\eCommerceSoultion\eCommerce.SharedLibrary\eCommerce.SharedLibrary.csproj", "{08529924-1E38-4278-A0E4-D16997AEFAD0}"
EndProject
Global
	GlobalSection(SolutionConfigurationPlatforms) = preSolution
		Debug|Any CPU = Debug|Any CPU
		Release|Any CPU = Release|Any CPU
	EndGlobalSection
	GlobalSection(ProjectConfigurationPlatforms) = postSolution
		{4E8C3D27-7D58-427C-B30D-CE5A436C8B5A}.Debug|Any CPU.ActiveCfg = Debug|Any CPU
		{4E8C3D27-7D58-427C-B30D-CE5A436C8B5A}.Debug|Any CPU.Build.0 = Debug|Any CPU
		{4E8C3D27-7D58-427C-B30D-CE5A436C8B5A}.Release|Any CPU.ActiveCfg = Release|Any CPU
		{4E8C3D27-7D58-427C-B30D-CE5A436C8B5A}.Release|Any CPU.Build.0 = Release|Any CPU
		{66190693-063F-4DF1-A4D5-B175C90C9933}.Debug|Any CPU.ActiveCfg = Debug|Any CPU
		{66190693-063F-4DF1-A4D5-B175C90C9933}.Debug|Any CPU.Build.0 = Debug|Any CPU
		{66190693-063F-4DF1-A4D5-B175C90C9933}.Release|Any CPU.ActiveCfg = Release|Any CPU
		{66190693-063F-4DF1-A4D5-B175C90C9933}.Release|Any CPU.Build.0 = Release|Any CPU
		{A600EB29-E3F4-4C72-B331-279D51CA48B6}.Debug|Any CPU.ActiveCfg = Debug|Any CPU
		{A600EB29-E3F4-4C72-B331-279D51CA48B6}.Debug|Any CPU.Build.0 = Debug|Any CPU
		{A600EB29-E3F4-4C72-B331-279D51CA48B6}.Release|Any CPU.ActiveCfg = Release|Any CPU
		{A600EB29-E3F4-4C72-B331-279D51CA48B6}.Release|Any CPU.Build.0 = Release|Any CPU
		{C59F8A83-C4AB-41A8-9A26-8428FE819568}.Debug|Any CPU.ActiveCfg = Debug|Any CPU
		{C59F8A83-C4AB-41A8-9A26-8428FE819568}.Debug|Any CPU.Build.0 = Debug|Any CPU
		{C59F8A83-C4AB-41A8-9A26-8428FE819568}.Release|Any CPU.ActiveCfg = Release|Any CPU
		{C59F8A83-C4AB-41A8-9A26-8428FE819568}.Release|Any CPU.Build.0 = Release|Any CPU
		{08529924-1E38-4278-A0E4-D16997AEFAD0}.Debug|Any CPU.ActiveCfg = Debug|Any CPU
		{08529924-1E38-4278-A0E4-D16997AEFAD0}.Debug|Any CPU.Build.0 = Debug|Any CPU
		{08529924-1E38-4278-A0E4-D16997AEFAD0}.Release|Any CPU.ActiveCfg = Release|Any CPU
		{08529924-1E38-4278-A0E4-D16997AEFAD0}.Release|Any CPU.Build.0 = Release|Any CPU
	EndGlobalSection
	GlobalSection(SolutionProperties) = preSolution
		HideSolutionNode = FALSE
	EndGlobalSection
	GlobalSection(ExtensibilityGlobals) = postSolution
		SolutionGuid = {21BA1F7B-F68E-4C76-8F5E-BF6F446FC435}
	EndGlobalSection
EndGlobal
